{
  "name": "cortex-neuro-paste-plugin",
  "version": "1.0.0",
  "lockfileVersion": 3,
  "requires": true,
  "packages": {
    "": {
      "name": "cortex-neuro-paste-plugin",
      "version": "1.0.0",
      "dependencies": {
        "robotjs": "0.6.0",
        "ws": "8.18.0"
      },
      "engines": {
        "node": ">=16.14.0"
      }
    },
    "node_modules/robotjs": {
      "version": "0.6.0"
    },
    "node_modules/ws": {
      "version": "8.18.0"
    }
  }
}
